
Microsoft Visual Studio Solution File, Format Version 12.00
# Visual Studio Version 17
VisualStudioVersion = 17.13.35919.96
MinimumVisualStudioVersion = 10.0.40219.1
Project("{FAE04EC0-301F-11D3-BF4B-00C04F79EFBC}") = "01_MainSubjects", "01_MainSubjects\01_MainSubjects.csproj", "{42CEE4DC-306F-4BB7-92AD-341CE0F8D88B}"
EndProject
Project("{FAE04EC0-301F-11D3-BF4B-00C04F79EFBC}") = "_02_Variables", "_02_Variables\_02_Variables.csproj", "{DCC23253-597C-4F5C-AA30-ED6975B389F3}"
EndProject
Project("{FAE04EC0-301F-11D3-BF4B-00C04F79EFBC}") = "_03_MakingDecision", "_03_MakingDecision\_03_MakingDecision.csproj", "{AD471AE0-624C-4B87-8A49-0D38A4D66532}"
EndProject
Project("{FAE04EC0-301F-11D3-BF4B-00C04F79EFBC}") = "_04_Loops", "_04_Loops\_04_Loops.csproj", "{42285D70-58F7-4A8E-BB9A-EBE39A9C5063}"
EndProject
Project("{FAE04EC0-301F-11D3-BF4B-00C04F79EFBC}") = "_05_LoopsWithStars", "_05_LoopsWithStars\_05_LoopsWithStars.csproj", "{7F82E21E-EF77-4F6F-9525-10FEE7538598}"
EndProject
Project("{FAE04EC0-301F-11D3-BF4B-00C04F79EFBC}") = "_06_Arrays", "_06_Arrays\_06_Arrays.csproj", "{0A7C3A08-2EC2-40AF-BEC1-BD3D84C02BDB}"
EndProject
Project("{FAE04EC0-301F-11D3-BF4B-00C04F79EFBC}") = "_07_ForeachLoop", "_07_ForeachLoop\_07_ForeachLoop.csproj", "{2442248A-2C1D-499B-A94D-B139B52C98CC}"
EndProject
Global
	GlobalSection(SolutionConfigurationPlatforms) = preSolution
		Debug|Any CPU = Debug|Any CPU
		Release|Any CPU = Release|Any CPU
	EndGlobalSection
	GlobalSection(ProjectConfigurationPlatforms) = postSolution
		{42CEE4DC-306F-4BB7-92AD-341CE0F8D88B}.Debug|Any CPU.ActiveCfg = Debug|Any CPU
		{42CEE4DC-306F-4BB7-92AD-341CE0F8D88B}.Debug|Any CPU.Build.0 = Debug|Any CPU
		{42CEE4DC-306F-4BB7-92AD-341CE0F8D88B}.Release|Any CPU.ActiveCfg = Release|Any CPU
		{42CEE4DC-306F-4BB7-92AD-341CE0F8D88B}.Release|Any CPU.Build.0 = Release|Any CPU
		{DCC23253-597C-4F5C-AA30-ED6975B389F3}.Debug|Any CPU.ActiveCfg = Debug|Any CPU
		{DCC23253-597C-4F5C-AA30-ED6975B389F3}.Debug|Any CPU.Build.0 = Debug|Any CPU
		{DCC23253-597C-4F5C-AA30-ED6975B389F3}.Release|Any CPU.ActiveCfg = Release|Any CPU
		{DCC23253-597C-4F5C-AA30-ED6975B389F3}.Release|Any CPU.Build.0 = Release|Any CPU
		{AD471AE0-624C-4B87-8A49-0D38A4D66532}.Debug|Any CPU.ActiveCfg = Debug|Any CPU
		{AD471AE0-624C-4B87-8A49-0D38A4D66532}.Debug|Any CPU.Build.0 = Debug|Any CPU
		{AD471AE0-624C-4B87-8A49-0D38A4D66532}.Release|Any CPU.ActiveCfg = Release|Any CPU
		{AD471AE0-624C-4B87-8A49-0D38A4D66532}.Release|Any CPU.Build.0 = Release|Any CPU
		{42285D70-58F7-4A8E-BB9A-EBE39A9C5063}.Debug|Any CPU.ActiveCfg = Debug|Any CPU
		{42285D70-58F7-4A8E-BB9A-EBE39A9C5063}.Debug|Any CPU.Build.0 = Debug|Any CPU
		{42285D70-58F7-4A8E-BB9A-EBE39A9C5063}.Release|Any CPU.ActiveCfg = Release|Any CPU
		{42285D70-58F7-4A8E-BB9A-EBE39A9C5063}.Release|Any CPU.Build.0 = Release|Any CPU
		{7F82E21E-EF77-4F6F-9525-10FEE7538598}.Debug|Any CPU.ActiveCfg = Debug|Any CPU
		{7F82E21E-EF77-4F6F-9525-10FEE7538598}.Debug|Any CPU.Build.0 = Debug|Any CPU
		{7F82E21E-EF77-4F6F-9525-10FEE7538598}.Release|Any CPU.ActiveCfg = Release|Any CPU
		{7F82E21E-EF77-4F6F-9525-10FEE7538598}.Release|Any CPU.Build.0 = Release|Any CPU
		{0A7C3A08-2EC2-40AF-BEC1-BD3D84C02BDB}.Debug|Any CPU.ActiveCfg = Debug|Any CPU
		{0A7C3A08-2EC2-40AF-BEC1-BD3D84C02BDB}.Debug|Any CPU.Build.0 = Debug|Any CPU
		{0A7C3A08-2EC2-40AF-BEC1-BD3D84C02BDB}.Release|Any CPU.ActiveCfg = Release|Any CPU
		{0A7C3A08-2EC2-40AF-BEC1-BD3D84C02BDB}.Release|Any CPU.Build.0 = Release|Any CPU
		{2442248A-2C1D-499B-A94D-B139B52C98CC}.Debug|Any CPU.ActiveCfg = Debug|Any CPU
		{2442248A-2C1D-499B-A94D-B139B52C98CC}.Debug|Any CPU.Build.0 = Debug|Any CPU
		{2442248A-2C1D-499B-A94D-B139B52C98CC}.Release|Any CPU.ActiveCfg = Release|Any CPU
		{2442248A-2C1D-499B-A94D-B139B52C98CC}.Release|Any CPU.Build.0 = Release|Any CPU
	EndGlobalSection
	GlobalSection(SolutionProperties) = preSolution
		HideSolutionNode = FALSE
	EndGlobalSection
	GlobalSection(ExtensibilityGlobals) = postSolution
		SolutionGuid = {989E26B9-73AF-4217-BB79-5AF02F13E95D}
	EndGlobalSection
EndGlobal
